
Microsoft Visual Studio Solution File, Format Version 12.00
# Visual Studio 2012
Project("{FAE04EC0-301F-11D3-BF4B-00C04F79EFBC}") = "Beecon.Android", "Beecon\Beecon.Android.csproj", "{60E5C4F4-4F8C-4764-98E7-B9F19747FD1E}"
EndProject
Project("{FAE04EC0-301F-11D3-BF4B-00C04F79EFBC}") = "Beecon.Models", "Beecon.Models\Beecon.Models.csproj", "{D7E61C2D-20E1-483A-BC9C-431BA91AB659}"
EndProject
Global
	GlobalSection(SolutionConfigurationPlatforms) = preSolution
		Debug|Any CPU = Debug|Any CPU
		Release|Any CPU = Release|Any CPU
	EndGlobalSection
	GlobalSection(ProjectConfigurationPlatforms) = postSolution
		{60E5C4F4-4F8C-4764-98E7-B9F19747FD1E}.Debug|Any CPU.ActiveCfg = Debug|Any CPU
		{60E5C4F4-4F8C-4764-98E7-B9F19747FD1E}.Debug|Any CPU.Build.0 = Debug|Any CPU
		{60E5C4F4-4F8C-4764-98E7-B9F19747FD1E}.Release|Any CPU.ActiveCfg = Release|Any CPU
		{60E5C4F4-4F8C-4764-98E7-B9F19747FD1E}.Release|Any CPU.Build.0 = Release|Any CPU
		{D7E61C2D-20E1-483A-BC9C-431BA91AB659}.Debug|Any CPU.ActiveCfg = Debug|Any CPU
		{D7E61C2D-20E1-483A-BC9C-431BA91AB659}.Debug|Any CPU.Build.0 = Debug|Any CPU
		{D7E61C2D-20E1-483A-BC9C-431BA91AB659}.Release|Any CPU.ActiveCfg = Release|Any CPU
		{D7E61C2D-20E1-483A-BC9C-431BA91AB659}.Release|Any CPU.Build.0 = Release|Any CPU
	EndGlobalSection
	GlobalSection(MonoDevelopProperties) = preSolution
		StartupItem = Beecon\Beecon.Android.csproj
	EndGlobalSection
	GlobalSection(SolutionProperties) = preSolution
		HideSolutionNode = FALSE
	EndGlobalSection
EndGlobal
